// !$*UTF8*$!
{
	archiveVersion = 1;
	classes = {
	};
	objectVersion = 56;
	objects = {

/* Begin PBXBuildFile section */
		FA40F03E2A53B044000C57BF /* BuddyFaceApp.swift in Sources */ = {isa = PBXBuildFile; fileRef = FA40F03D2A53B044000C57BF /* BuddyFaceApp.swift */; };
		FA40F0402A53B044000C57BF /* ContentView.swift in Sources */ = {isa = PBXBuildFile; fileRef = FA40F03F2A53B044000C57BF /* ContentView.swift */; };
		FA40F0422A53B045000C57BF /* Assets.xcassets in Resources */ = {isa = PBXBuildFile; fileRef = FA40F0412A53B045000C57BF /* Assets.xcassets */; };
		FA40F0452A53B045000C57BF /* Preview Assets.xcassets in Resources */ = {isa = PBXBuildFile; fileRef = FA40F0442A53B045000C57BF /* Preview Assets.xcassets */; };
		FA40F04C2A53B08A000C57BF /* User.swift in Sources */ = {isa = PBXBuildFile; fileRef = FA40F04B2A53B08A000C57BF /* User.swift */; };
		FA40F0502A53B7DA000C57BF /* UserView.swift in Sources */ = {isa = PBXBuildFile; fileRef = FA40F04F2A53B7DA000C57BF /* UserView.swift */; };
		FA59DA2D2A5507DA0072879A /* BuddyFace.xcdatamodeld in Sources */ = {isa = PBXBuildFile; fileRef = FA59DA2B2A5507DA0072879A /* BuddyFace.xcdatamodeld */; };
		FA59DA312A5508300072879A /* DataController.swift in Sources */ = {isa = PBXBuildFile; fileRef = FA59DA302A5508300072879A /* DataController.swift */; };
		FA59DA362A551A4A0072879A /* CachedFriend+CoreDataClass.swift in Sources */ = {isa = PBXBuildFile; fileRef = FA59DA322A551A4A0072879A /* CachedFriend+CoreDataClass.swift */; };
		FA59DA372A551A4A0072879A /* CachedFriend+CoreDataProperties.swift in Sources */ = {isa = PBXBuildFile; fileRef = FA59DA332A551A4A0072879A /* CachedFriend+CoreDataProperties.swift */; };
		FA59DA382A551A4A0072879A /* CachedUser+CoreDataClass.swift in Sources */ = {isa = PBXBuildFile; fileRef = FA59DA342A551A4A0072879A /* CachedUser+CoreDataClass.swift */; };
		FA59DA392A551A4A0072879A /* CachedUser+CoreDataProperties.swift in Sources */ = {isa = PBXBuildFile; fileRef = FA59DA352A551A4A0072879A /* CachedUser+CoreDataProperties.swift */; };
/* End PBXBuildFile section */

/* Begin PBXFileReference section */
		FA40F03A2A53B044000C57BF /* BuddyFace.app */ = {isa = PBXFileReference; explicitFileType = wrapper.application; includeInIndex = 0; path = BuddyFace.app; sourceTree = BUILT_PRODUCTS_DIR; };
		FA40F03D2A53B044000C57BF /* BuddyFaceApp.swift */ = {isa = PBXFileReference; lastKnownFileType = sourcecode.swift; path = BuddyFaceApp.swift; sourceTree = "<group>"; };
		FA40F03F2A53B044000C57BF /* ContentView.swift */ = {isa = PBXFileReference; lastKnownFileType = sourcecode.swift; path = ContentView.swift; sourceTree = "<group>"; };
		FA40F0412A53B045000C57BF /* Assets.xcassets */ = {isa = PBXFileReference; lastKnownFileType = folder.assetcatalog; path = Assets.xcassets; sourceTree = "<group>"; };
		FA40F0442A53B045000C57BF /* Preview Assets.xcassets */ = {isa = PBXFileReference; lastKnownFileType = folder.assetcatalog; path = "Preview Assets.xcassets"; sourceTree = "<group>"; };
		FA40F04B2A53B08A000C57BF /* User.swift */ = {isa = PBXFileReference; lastKnownFileType = sourcecode.swift; path = User.swift; sourceTree = "<group>"; };
		FA40F04F2A53B7DA000C57BF /* UserView.swift */ = {isa = PBXFileReference; lastKnownFileType = sourcecode.swift; path = UserView.swift; sourceTree = "<group>"; };
		FA59DA2C2A5507DA0072879A /* BuddyFace.xcdatamodel */ = {isa = PBXFileReference; lastKnownFileType = wrapper.xcdatamodel; path = BuddyFace.xcdatamodel; sourceTree = "<group>"; };
		FA59DA302A5508300072879A /* DataController.swift */ = {isa = PBXFileReference; lastKnownFileType = sourcecode.swift; path = DataController.swift; sourceTree = "<group>"; };
		FA59DA322A551A4A0072879A /* CachedFriend+CoreDataClass.swift */ = {isa = PBXFileReference; lastKnownFileType = sourcecode.swift; path = "CachedFriend+CoreDataClass.swift"; sourceTree = "<group>"; };
		FA59DA332A551A4A0072879A /* CachedFriend+CoreDataProperties.swift */ = {isa = PBXFileReference; lastKnownFileType = sourcecode.swift; path = "CachedFriend+CoreDataProperties.swift"; sourceTree = "<group>"; };
		FA59DA342A551A4A0072879A /* CachedUser+CoreDataClass.swift */ = {isa = PBXFileReference; lastKnownFileType = sourcecode.swift; path = "CachedUser+CoreDataClass.swift"; sourceTree = "<group>"; };
		FA59DA352A551A4A0072879A /* CachedUser+CoreDataProperties.swift */ = {isa = PBXFileReference; lastKnownFileType = sourcecode.swift; path = "CachedUser+CoreDataProperties.swift"; sourceTree = "<group>"; };
/* End PBXFileReference section */

/* Begin PBXFrameworksBuildPhase section */
		FA40F0372A53B044000C57BF /* Frameworks */ = {
			isa = PBXFrameworksBuildPhase;
			buildActionMask = 2147483647;
			files = (
			);
			runOnlyForDeploymentPostprocessing = 0;
		};
/* End PBXFrameworksBuildPhase section */

/* Begin PBXGroup section */
		FA40F0312A53B044000C57BF = {
			isa = PBXGroup;
			children = (
				FA40F03C2A53B044000C57BF /* BuddyFace */,
				FA40F03B2A53B044000C57BF /* Products */,
			);
			sourceTree = "<group>";
		};
		FA40F03B2A53B044000C57BF /* Products */ = {
			isa = PBXGroup;
			children = (
				FA40F03A2A53B044000C57BF /* BuddyFace.app */,
			);
			name = Products;
			sourceTree = "<group>";
		};
		FA40F03C2A53B044000C57BF /* BuddyFace */ = {
			isa = PBXGroup;
			children = (
				FA59DA322A551A4A0072879A /* CachedFriend+CoreDataClass.swift */,
				FA59DA332A551A4A0072879A /* CachedFriend+CoreDataProperties.swift */,
				FA59DA342A551A4A0072879A /* CachedUser+CoreDataClass.swift */,
				FA59DA352A551A4A0072879A /* CachedUser+CoreDataProperties.swift */,
				FA40F03D2A53B044000C57BF /* BuddyFaceApp.swift */,
				FA59DA302A5508300072879A /* DataController.swift */,
				FA40F03F2A53B044000C57BF /* ContentView.swift */,
				FA40F04F2A53B7DA000C57BF /* UserView.swift */,
				FA40F04B2A53B08A000C57BF /* User.swift */,
				FA59DA2B2A5507DA0072879A /* BuddyFace.xcdatamodeld */,
				FA40F0412A53B045000C57BF /* Assets.xcassets */,
				FA40F0432A53B045000C57BF /* Preview Content */,
			);
			path = BuddyFace;
			sourceTree = "<group>";
		};
		FA40F0432A53B045000C57BF /* Preview Content */ = {
			isa = PBXGroup;
			children = (
				FA40F0442A53B045000C57BF /* Preview Assets.xcassets */,
			);
			path = "Preview Content";
			sourceTree = "<group>";
		};
/* End PBXGroup section */

/* Begin PBXNativeTarget section */
		FA40F0392A53B044000C57BF /* BuddyFace */ = {
			isa = PBXNativeTarget;
			buildConfigurationList = FA40F0482A53B045000C57BF /* Build configuration list for PBXNativeTarget "BuddyFace" */;
			buildPhases = (
				FA40F0362A53B044000C57BF /* Sources */,
				FA40F0372A53B044000C57BF /* Frameworks */,
				FA40F0382A53B044000C57BF /* Resources */,
			);
			buildRules = (
			);
			dependencies = (
			);
			name = BuddyFace;
			productName = BuddyFace;
			productReference = FA40F03A2A53B044000C57BF /* BuddyFace.app */;
			productType = "com.apple.product-type.application";
		};
/* End PBXNativeTarget section */

/* Begin PBXProject section */
		FA40F0322A53B044000C57BF /* Project object */ = {
			isa = PBXProject;
			attributes = {
				BuildIndependentTargetsInParallel = 1;
				LastSwiftUpdateCheck = 1430;
				LastUpgradeCheck = 1430;
				TargetAttributes = {
					FA40F0392A53B044000C57BF = {
						CreatedOnToolsVersion = 14.3.1;
					};
				};
			};
			buildConfigurationList = FA40F0352A53B044000C57BF /* Build configuration list for PBXProject "BuddyFace" */;
			compatibilityVersion = "Xcode 14.0";
			developmentRegion = en;
			hasScannedForEncodings = 0;
			knownRegions = (
				en,
				Base,
			);
			mainGroup = FA40F0312A53B044000C57BF;
			productRefGroup = FA40F03B2A53B044000C57BF /* Products */;
			projectDirPath = "";
			projectRoot = "";
			targets = (
				FA40F0392A53B044000C57BF /* BuddyFace */,
			);
		};
/* End PBXProject section */

/* Begin PBXResourcesBuildPhase section */
		FA40F0382A53B044000C57BF /* Resources */ = {
			isa = PBXResourcesBuildPhase;
			buildActionMask = 2147483647;
			files = (
				FA40F0452A53B045000C57BF /* Preview Assets.xcassets in Resources */,
				FA40F0422A53B045000C57BF /* Assets.xcassets in Resources */,
			);
			runOnlyForDeploymentPostprocessing = 0;
		};
/* End PBXResourcesBuildPhase section */

/* Begin PBXSourcesBuildPhase section */
		FA40F0362A53B044000C57BF /* Sources */ = {
			isa = PBXSourcesBuildPhase;
			buildActionMask = 2147483647;
			files = (
				FA40F0402A53B044000C57BF /* ContentView.swift in Sources */,
				FA59DA362A551A4A0072879A /* CachedFriend+CoreDataClass.swift in Sources */,
				FA59DA392A551A4A0072879A /* CachedUser+CoreDataProperties.swift in Sources */,
				FA59DA312A5508300072879A /* DataController.swift in Sources */,
				FA59DA372A551A4A0072879A /* CachedFriend+CoreDataProperties.swift in Sources */,
				FA59DA382A551A4A0072879A /* CachedUser+CoreDataClass.swift in Sources */,
				FA40F03E2A53B044000C57BF /* BuddyFaceApp.swift in Sources */,
				FA59DA2D2A5507DA0072879A /* BuddyFace.xcdatamodeld in Sources */,
				FA40F04C2A53B08A000C57BF /* User.swift in Sources */,
				FA40F0502A53B7DA000C57BF /* UserView.swift in Sources */,
			);
			runOnlyForDeploymentPostprocessing = 0;
		};
/* End PBXSourcesBuildPhase section */

/* Begin XCBuildConfiguration section */
		FA40F0462A53B045000C57BF /* Debug */ = {
			isa = XCBuildConfiguration;
			buildSettings = {
				ALWAYS_SEARCH_USER_PATHS = NO;
				CLANG_ANALYZER_NONNULL = YES;
				CLANG_ANALYZER_NUMBER_OBJECT_CONVERSION = YES_AGGRESSIVE;
				CLANG_CXX_LANGUAGE_STANDARD = "gnu++20";
				CLANG_ENABLE_MODULES = YES;
				CLANG_ENABLE_OBJC_ARC = YES;
				CLANG_ENABLE_OBJC_WEAK = YES;
				CLANG_WARN_BLOCK_CAPTURE_AUTORELEASING = YES;
				CLANG_WARN_BOOL_CONVERSION = YES;
				CLANG_WARN_COMMA = YES;
				CLANG_WARN_CONSTANT_CONVERSION = YES;
				CLANG_WARN_DEPRECATED_OBJC_IMPLEMENTATIONS = YES;
				CLANG_WARN_DIRECT_OBJC_ISA_USAGE = YES_ERROR;
				CLANG_WARN_DOCUMENTATION_COMMENTS = YES;
				CLANG_WARN_EMPTY_BODY = YES;
				CLANG_WARN_ENUM_CONVERSION = YES;
				CLANG_WARN_INFINITE_RECURSION = YES;
				CLANG_WARN_INT_CONVERSION = YES;
				CLANG_WARN_NON_LITERAL_NULL_CONVERSION = YES;
				CLANG_WARN_OBJC_IMPLICIT_RETAIN_SELF = YES;
				CLANG_WARN_OBJC_LITERAL_CONVERSION = YES;
				CLANG_WARN_OBJC_ROOT_CLASS = YES_ERROR;
				CLANG_WARN_QUOTED_INCLUDE_IN_FRAMEWORK_HEADER = YES;
				CLANG_WARN_RANGE_LOOP_ANALYSIS = YES;
				CLANG_WARN_STRICT_PROTOTYPES = YES;
				CLANG_WARN_SUSPICIOUS_MOVE = YES;
				CLANG_WARN_UNGUARDED_AVAILABILITY = YES_AGGRESSIVE;
				CLANG_WARN_UNREACHABLE_CODE = YES;
				CLANG_WARN__DUPLICATE_METHOD_MATCH = YES;
				COPY_PHASE_STRIP = NO;
				DEBUG_INFORMATION_FORMAT = dwarf;
				ENABLE_STRICT_OBJC_MSGSEND = YES;
				ENABLE_TESTABILITY = YES;
				GCC_C_LANGUAGE_STANDARD = gnu11;
				GCC_DYNAMIC_NO_PIC = NO;
				GCC_NO_COMMON_BLOCKS = YES;
				GCC_OPTIMIZATION_LEVEL = 0;
				GCC_PREPROCESSOR_DEFINITIONS = (
					"DEBUG=1",
					"$(inherited)",
				);
				GCC_WARN_64_TO_32_BIT_CONVERSION = YES;
				GCC_WARN_ABOUT_RETURN_TYPE = YES_ERROR;
				GCC_WARN_UNDECLARED_SELECTOR = YES;
				GCC_WARN_UNINITIALIZED_AUTOS = YES_AGGRESSIVE;
				GCC_WARN_UNUSED_FUNCTION = YES;
				GCC_WARN_UNUSED_VARIABLE = YES;
				IPHONEOS_DEPLOYMENT_TARGET = 16.4;
				MTL_ENABLE_DEBUG_INFO = INCLUDE_SOURCE;
				MTL_FAST_MATH = YES;
				ONLY_ACTIVE_ARCH = YES;
				SDKROOT = iphoneos;
				SWIFT_ACTIVE_COMPILATION_CONDITIONS = DEBUG;
				SWIFT_OPTIMIZATION_LEVEL = "-Onone";
			};
			name = Debug;
		};
		FA40F0472A53B045000C57BF /* Release */ = {
			isa = XCBuildConfiguration;
			buildSettings = {
				ALWAYS_SEARCH_USER_PATHS = NO;
				CLANG_ANALYZER_NONNULL = YES;
				CLANG_ANALYZER_NUMBER_OBJECT_CONVERSION = YES_AGGRESSIVE;
				CLANG_CXX_LANGUAGE_STANDARD = "gnu++20";
				CLANG_ENABLE_MODULES = YES;
				CLANG_ENABLE_OBJC_ARC = YES;
				CLANG_ENABLE_OBJC_WEAK = YES;
				CLANG_WARN_BLOCK_CAPTURE_AUTORELEASING = YES;
				CLANG_WARN_BOOL_CONVERSION = YES;
				CLANG_WARN_COMMA = YES;
				CLANG_WARN_CONSTANT_CONVERSION = YES;
				CLANG_WARN_DEPRECATED_OBJC_IMPLEMENTATIONS = YES;
				CLANG_WARN_DIRECT_OBJC_ISA_USAGE = YES_ERROR;
				CLANG_WARN_DOCUMENTATION_COMMENTS = YES;
				CLANG_WARN_EMPTY_BODY = YES;
				CLANG_WARN_ENUM_CONVERSION = YES;
				CLANG_WARN_INFINITE_RECURSION = YES;
				CLANG_WARN_INT_CONVERSION = YES;
				CLANG_WARN_NON_LITERAL_NULL_CONVERSION = YES;
				CLANG_WARN_OBJC_IMPLICIT_RETAIN_SELF = YES;
				CLANG_WARN_OBJC_LITERAL_CONVERSION = YES;
				CLANG_WARN_OBJC_ROOT_CLASS = YES_ERROR;
				CLANG_WARN_QUOTED_INCLUDE_IN_FRAMEWORK_HEADER = YES;
				CLANG_WARN_RANGE_LOOP_ANALYSIS = YES;
				CLANG_WARN_STRICT_PROTOTYPES = YES;
				CLANG_WARN_SUSPICIOUS_MOVE = YES;
				CLANG_WARN_UNGUARDED_AVAILABILITY = YES_AGGRESSIVE;
				CLANG_WARN_UNREACHABLE_CODE = YES;
				CLANG_WARN__DUPLICATE_METHOD_MATCH = YES;
				COPY_PHASE_STRIP = NO;
				DEBUG_INFORMATION_FORMAT = "dwarf-with-dsym";
				ENABLE_NS_ASSERTIONS = NO;
				ENABLE_STRICT_OBJC_MSGSEND = YES;
				GCC_C_LANGUAGE_STANDARD = gnu11;
				GCC_NO_COMMON_BLOCKS = YES;
				GCC_WARN_64_TO_32_BIT_CONVERSION = YES;
				GCC_WARN_ABOUT_RETURN_TYPE = YES_ERROR;
				GCC_WARN_UNDECLARED_SELECTOR = YES;
				GCC_WARN_UNINITIALIZED_AUTOS = YES_AGGRESSIVE;
				GCC_WARN_UNUSED_FUNCTION = YES;
				GCC_WARN_UNUSED_VARIABLE = YES;
				IPHONEOS_DEPLOYMENT_TARGET = 16.4;
				MTL_ENABLE_DEBUG_INFO = NO;
				MTL_FAST_MATH = YES;
				SDKROOT = iphoneos;
				SWIFT_COMPILATION_MODE = wholemodule;
				SWIFT_OPTIMIZATION_LEVEL = "-O";
				VALIDATE_PRODUCT = YES;
			};
			name = Release;
		};
		FA40F0492A53B045000C57BF /* Debug */ = {
			isa = XCBuildConfiguration;
			buildSettings = {
				ASSETCATALOG_COMPILER_APPICON_NAME = AppIcon;
				ASSETCATALOG_COMPILER_GLOBAL_ACCENT_COLOR_NAME = AccentColor;
				CODE_SIGN_STYLE = Automatic;
				CURRENT_PROJECT_VERSION = 1;
				DEVELOPMENT_ASSET_PATHS = "\"BuddyFace/Preview Content\"";
				DEVELOPMENT_TEAM = Z448ANC7Y3;
				ENABLE_PREVIEWS = YES;
				GENERATE_INFOPLIST_FILE = YES;
				INFOPLIST_KEY_UIApplicationSceneManifest_Generation = YES;
				INFOPLIST_KEY_UIApplicationSupportsIndirectInputEvents = YES;
				INFOPLIST_KEY_UILaunchScreen_Generation = YES;
				INFOPLIST_KEY_UISupportedInterfaceOrientations_iPad = "UIInterfaceOrientationPortrait UIInterfaceOrientationPortraitUpsideDown UIInterfaceOrientationLandscapeLeft UIInterfaceOrientationLandscapeRight";
				INFOPLIST_KEY_UISupportedInterfaceOrientations_iPhone = "UIInterfaceOrientationPortrait UIInterfaceOrientationLandscapeLeft UIInterfaceOrientationLandscapeRight";
				LD_RUNPATH_SEARCH_PATHS = (
					"$(inherited)",
					"@executable_path/Frameworks",
				);
				MARKETING_VERSION = 1.0;
				PRODUCT_BUNDLE_IDENTIFIER = ca.canistel.BuddyFace;
				PRODUCT_NAME = "$(TARGET_NAME)";
				SWIFT_EMIT_LOC_STRINGS = YES;
				SWIFT_VERSION = 5.0;
				TARGETED_DEVICE_FAMILY = "1,2";
			};
			name = Debug;
		};
		FA40F04A2A53B045000C57BF /* Release */ = {
			isa = XCBuildConfiguration;
			buildSettings = {
				ASSETCATALOG_COMPILER_APPICON_NAME = AppIcon;
				ASSETCATALOG_COMPILER_GLOBAL_ACCENT_COLOR_NAME = AccentColor;
				CODE_SIGN_STYLE = Automatic;
				CURRENT_PROJECT_VERSION = 1;
				DEVELOPMENT_ASSET_PATHS = "\"BuddyFace/Preview Content\"";
				DEVELOPMENT_TEAM = Z448ANC7Y3;
				ENABLE_PREVIEWS = YES;
				GENERATE_INFOPLIST_FILE = YES;
				INFOPLIST_KEY_UIApplicationSceneManifest_Generation = YES;
				INFOPLIST_KEY_UIApplicationSupportsIndirectInputEvents = YES;
				INFOPLIST_KEY_UILaunchScreen_Generation = YES;
				INFOPLIST_KEY_UISupportedInterfaceOrientations_iPad = "UIInterfaceOrientationPortrait UIInterfaceOrientationPortraitUpsideDown UIInterfaceOrientationLandscapeLeft UIInterfaceOrientationLandscapeRight";
				INFOPLIST_KEY_UISupportedInterfaceOrientations_iPhone = "UIInterfaceOrientationPortrait UIInterfaceOrientationLandscapeLeft UIInterfaceOrientationLandscapeRight";
				LD_RUNPATH_SEARCH_PATHS = (
					"$(inherited)",
					"@executable_path/Frameworks",
				);
				MARKETING_VERSION = 1.0;
				PRODUCT_BUNDLE_IDENTIFIER = ca.canistel.BuddyFace;
				PRODUCT_NAME = "$(TARGET_NAME)";
				SWIFT_EMIT_LOC_STRINGS = YES;
				SWIFT_VERSION = 5.0;
				TARGETED_DEVICE_FAMILY = "1,2";
			};
			name = Release;
		};
/* End XCBuildConfiguration section */

/* Begin XCConfigurationList section */
		FA40F0352A53B044000C57BF /* Build configuration list for PBXProject "BuddyFace" */ = {
			isa = XCConfigurationList;
			buildConfigurations = (
				FA40F0462A53B045000C57BF /* Debug */,
				FA40F0472A53B045000C57BF /* Release */,
			);
			defaultConfigurationIsVisible = 0;
			defaultConfigurationName = Release;
		};
		FA40F0482A53B045000C57BF /* Build configuration list for PBXNativeTarget "BuddyFace" */ = {
			isa = XCConfigurationList;
			buildConfigurations = (
				FA40F0492A53B045000C57BF /* Debug */,
				FA40F04A2A53B045000C57BF /* Release */,
			);
			defaultConfigurationIsVisible = 0;
			defaultConfigurationName = Release;
		};
/* End XCConfigurationList section */

/* Begin XCVersionGroup section */
		FA59DA2B2A5507DA0072879A /* BuddyFace.xcdatamodeld */ = {
			isa = XCVersionGroup;
			children = (
				FA59DA2C2A5507DA0072879A /* BuddyFace.xcdatamodel */,
			);
			currentVersion = FA59DA2C2A5507DA0072879A /* BuddyFace.xcdatamodel */;
			path = BuddyFace.xcdatamodeld;
			sourceTree = "<group>";
			versionGroupType = wrapper.xcdatamodel;
		};
/* End XCVersionGroup section */
	};
	rootObject = FA40F0322A53B044000C57BF /* Project object */;
}
